
Microsoft Visual Studio Solution File, Format Version 12.00
# Visual Studio Version 17
VisualStudioVersion = 17.5.33516.290
MinimumVisualStudioVersion = 10.0.40219.1
Project("{FAE04EC0-301F-11D3-BF4B-00C04F79EFBC}") = "Codegrads", "Codegrads\Codegrads.csproj", "{D1D1F229-2062-4AAA-B9E4-0B859CE6F1B5}"
EndProject
Global
	GlobalSection(SolutionConfigurationPlatforms) = preSolution
		Debug|Any CPU = Debug|Any CPU
		Release|Any CPU = Release|Any CPU
	EndGlobalSection
	GlobalSection(ProjectConfigurationPlatforms) = postSolution
		{D1D1F229-2062-4AAA-B9E4-0B859CE6F1B5}.Debug|Any CPU.ActiveCfg = Debug|Any CPU
		{D1D1F229-2062-4AAA-B9E4-0B859CE6F1B5}.Debug|Any CPU.Build.0 = Debug|Any CPU
		{D1D1F229-2062-4AAA-B9E4-0B859CE6F1B5}.Release|Any CPU.ActiveCfg = Release|Any CPU
		{D1D1F229-2062-4AAA-B9E4-0B859CE6F1B5}.Release|Any CPU.Build.0 = Release|Any CPU
	EndGlobalSection
	GlobalSection(SolutionProperties) = preSolution
		HideSolutionNode = FALSE
	EndGlobalSection
	GlobalSection(ExtensibilityGlobals) = postSolution
		SolutionGuid = {94B13102-BA4B-4FF6-976A-2CCE632849C8}
	EndGlobalSection
EndGlobal
